
Microsoft Visual Studio Solution File, Format Version 12.00
# Visual Studio Version 17
VisualStudioVersion = 17.6.33801.468
MinimumVisualStudioVersion = 10.0.40219.1
Project("{FAE04EC0-301F-11D3-BF4B-00C04F79EFBC}") = "backend-2023-final", "backend-2023-final.csproj", "{8E16841D-70FC-41AC-90D8-1EBB49FBAFB4}"
EndProject
Global
	GlobalSection(SolutionConfigurationPlatforms) = preSolution
		Debug|Any CPU = Debug|Any CPU
		Release|Any CPU = Release|Any CPU
	EndGlobalSection
	GlobalSection(ProjectConfigurationPlatforms) = postSolution
		{8E16841D-70FC-41AC-90D8-1EBB49FBAFB4}.Debug|Any CPU.ActiveCfg = Debug|Any CPU
		{8E16841D-70FC-41AC-90D8-1EBB49FBAFB4}.Debug|Any CPU.Build.0 = Debug|Any CPU
		{8E16841D-70FC-41AC-90D8-1EBB49FBAFB4}.Release|Any CPU.ActiveCfg = Release|Any CPU
		{8E16841D-70FC-41AC-90D8-1EBB49FBAFB4}.Release|Any CPU.Build.0 = Release|Any CPU
	EndGlobalSection
	GlobalSection(SolutionProperties) = preSolution
		HideSolutionNode = FALSE
	EndGlobalSection
	GlobalSection(ExtensibilityGlobals) = postSolution
		SolutionGuid = {4E11A200-68B7-46DB-8BD9-61DBB3AC8F0B}
	EndGlobalSection
EndGlobal
